
Microsoft Visual Studio Solution File, Format Version 12.00
# Visual Studio Version 17
VisualStudioVersion = 17.9.34616.47
MinimumVisualStudioVersion = 10.0.40219.1
Project("{FAE04EC0-301F-11D3-BF4B-00C04F79EFBC}") = "PvizManager", "PvizManager\PvizManager.csproj", "{47F4F9F3-A7FB-4616-9213-43409F7C2CF7}"
EndProject
Global
	GlobalSection(SolutionConfigurationPlatforms) = preSolution
		Debug|Any CPU = Debug|Any CPU
		Release|Any CPU = Release|Any CPU
	EndGlobalSection
	GlobalSection(ProjectConfigurationPlatforms) = postSolution
		{47F4F9F3-A7FB-4616-9213-43409F7C2CF7}.Debug|Any CPU.ActiveCfg = Debug|Any CPU
		{47F4F9F3-A7FB-4616-9213-43409F7C2CF7}.Debug|Any CPU.Build.0 = Debug|Any CPU
		{47F4F9F3-A7FB-4616-9213-43409F7C2CF7}.Release|Any CPU.ActiveCfg = Release|Any CPU
		{47F4F9F3-A7FB-4616-9213-43409F7C2CF7}.Release|Any CPU.Build.0 = Release|Any CPU
	EndGlobalSection
	GlobalSection(SolutionProperties) = preSolution
		HideSolutionNode = FALSE
	EndGlobalSection
	GlobalSection(ExtensibilityGlobals) = postSolution
		SolutionGuid = {EBA438D7-7D27-443F-8314-C2EC34501264}
	EndGlobalSection
EndGlobal
